
Microsoft Visual Studio Solution File, Format Version 12.00
# Visual Studio Version 17
VisualStudioVersion = 17.2.32630.192
MinimumVisualStudioVersion = 10.0.40219.1
Project("{FAE04EC0-301F-11D3-BF4B-00C04F79EFBC}") = "FabricaPizzas", "FabricaPizzas\FabricaPizzas.csproj", "{AD75DDAA-C9AA-4EEE-8C06-91DCFC6AFBA0}"
EndProject
Global
	GlobalSection(SolutionConfigurationPlatforms) = preSolution
		Debug|Any CPU = Debug|Any CPU
		Release|Any CPU = Release|Any CPU
	EndGlobalSection
	GlobalSection(ProjectConfigurationPlatforms) = postSolution
		{AD75DDAA-C9AA-4EEE-8C06-91DCFC6AFBA0}.Debug|Any CPU.ActiveCfg = Debug|Any CPU
		{AD75DDAA-C9AA-4EEE-8C06-91DCFC6AFBA0}.Debug|Any CPU.Build.0 = Debug|Any CPU
		{AD75DDAA-C9AA-4EEE-8C06-91DCFC6AFBA0}.Release|Any CPU.ActiveCfg = Release|Any CPU
		{AD75DDAA-C9AA-4EEE-8C06-91DCFC6AFBA0}.Release|Any CPU.Build.0 = Release|Any CPU
	EndGlobalSection
	GlobalSection(SolutionProperties) = preSolution
		HideSolutionNode = FALSE
	EndGlobalSection
	GlobalSection(ExtensibilityGlobals) = postSolution
		SolutionGuid = {FB6A5776-1605-4D9A-A576-B691047B0BA8}
	EndGlobalSection
EndGlobal
