
Microsoft Visual Studio Solution File, Format Version 12.00
# Visual Studio Version 17
VisualStudioVersion = 17.2.32630.192
MinimumVisualStudioVersion = 10.0.40219.1
Project("{FAE04EC0-301F-11D3-BF4B-00C04F79EFBC}") = "GeneradorPassword", "GeneradorPassword\GeneradorPassword.csproj", "{AEDBB2DD-5102-4132-B9FF-4F3DDEFBBF70}"
EndProject
Global
	GlobalSection(SolutionConfigurationPlatforms) = preSolution
		Debug|Any CPU = Debug|Any CPU
		Release|Any CPU = Release|Any CPU
	EndGlobalSection
	GlobalSection(ProjectConfigurationPlatforms) = postSolution
		{AEDBB2DD-5102-4132-B9FF-4F3DDEFBBF70}.Debug|Any CPU.ActiveCfg = Debug|Any CPU
		{AEDBB2DD-5102-4132-B9FF-4F3DDEFBBF70}.Debug|Any CPU.Build.0 = Debug|Any CPU
		{AEDBB2DD-5102-4132-B9FF-4F3DDEFBBF70}.Release|Any CPU.ActiveCfg = Release|Any CPU
		{AEDBB2DD-5102-4132-B9FF-4F3DDEFBBF70}.Release|Any CPU.Build.0 = Release|Any CPU
	EndGlobalSection
	GlobalSection(SolutionProperties) = preSolution
		HideSolutionNode = FALSE
	EndGlobalSection
	GlobalSection(ExtensibilityGlobals) = postSolution
		SolutionGuid = {B88D873F-1C2E-4AA8-BF7B-81650C8D1127}
	EndGlobalSection
EndGlobal
